
Microsoft Visual Studio Solution File, Format Version 12.00
# Visual Studio Version 17
VisualStudioVersion = 17.4.33110.190
MinimumVisualStudioVersion = 10.0.40219.1
Project("{FAE04EC0-301F-11D3-BF4B-00C04F79EFBC}") = "ApiWithFastEndpoints", "ApiWithFastEndpoints\ApiWithFastEndpoints.csproj", "{F13AA016-9436-486B-BE4E-55BCDCDA829A}"
EndProject
Global
	GlobalSection(SolutionConfigurationPlatforms) = preSolution
		Debug|Any CPU = Debug|Any CPU
		Release|Any CPU = Release|Any CPU
	EndGlobalSection
	GlobalSection(ProjectConfigurationPlatforms) = postSolution
		{F13AA016-9436-486B-BE4E-55BCDCDA829A}.Debug|Any CPU.ActiveCfg = Debug|Any CPU
		{F13AA016-9436-486B-BE4E-55BCDCDA829A}.Debug|Any CPU.Build.0 = Debug|Any CPU
		{F13AA016-9436-486B-BE4E-55BCDCDA829A}.Release|Any CPU.ActiveCfg = Release|Any CPU
		{F13AA016-9436-486B-BE4E-55BCDCDA829A}.Release|Any CPU.Build.0 = Release|Any CPU
	EndGlobalSection
	GlobalSection(SolutionProperties) = preSolution
		HideSolutionNode = FALSE
	EndGlobalSection
	GlobalSection(ExtensibilityGlobals) = postSolution
		SolutionGuid = {1D01230F-9F85-4A87-8AE6-E4A8651468E1}
	EndGlobalSection
EndGlobal
